
Microsoft Visual Studio Solution File, Format Version 12.00
# Visual Studio 15
VisualStudioVersion = 15.0.28307.1000
MinimumVisualStudioVersion = 10.0.40219.1
Project("{FAE04EC0-301F-11D3-BF4B-00C04F79EFBC}") = "Assignment1", "Assignment1\Assignment1.csproj", "{78E1BF90-6EC8-4D4B-93F1-DFAB977E9EAA}"
EndProject
Global
	GlobalSection(SolutionConfigurationPlatforms) = preSolution
		Debug|Any CPU = Debug|Any CPU
		Release|Any CPU = Release|Any CPU
	EndGlobalSection
	GlobalSection(ProjectConfigurationPlatforms) = postSolution
		{78E1BF90-6EC8-4D4B-93F1-DFAB977E9EAA}.Debug|Any CPU.ActiveCfg = Debug|Any CPU
		{78E1BF90-6EC8-4D4B-93F1-DFAB977E9EAA}.Debug|Any CPU.Build.0 = Debug|Any CPU
		{78E1BF90-6EC8-4D4B-93F1-DFAB977E9EAA}.Release|Any CPU.ActiveCfg = Release|Any CPU
		{78E1BF90-6EC8-4D4B-93F1-DFAB977E9EAA}.Release|Any CPU.Build.0 = Release|Any CPU
	EndGlobalSection
	GlobalSection(SolutionProperties) = preSolution
		HideSolutionNode = FALSE
	EndGlobalSection
	GlobalSection(ExtensibilityGlobals) = postSolution
		SolutionGuid = {FAD14975-AC2B-4C8E-B384-3ECC230856D4}
	EndGlobalSection
EndGlobal
